
Microsoft Visual Studio Solution File, Format Version 12.00
# Visual Studio 15
VisualStudioVersion = 15.0.27703.2000
MinimumVisualStudioVersion = 10.0.40219.1
Project("{FAE04EC0-301F-11D3-BF4B-00C04F79EFBC}") = "MobileShop", "MobileShop\MobileShop.csproj", "{318AAC85-34CF-4863-AFE3-2710700E5711}"
EndProject
Project("{FAE04EC0-301F-11D3-BF4B-00C04F79EFBC}") = "MobileShop.Tests", "MobileShop.Tests\MobileShop.Tests.csproj", "{DB1A1EA3-EB1C-4CFF-A55A-59DC88AA6C75}"
EndProject
Project("{2150E333-8FDC-42A3-9474-1A3956D46DE8}") = "Services", "Services", "{62292B97-C749-4FAE-B50E-CA9F397DF62B}"
EndProject
Project("{FAE04EC0-301F-11D3-BF4B-00C04F79EFBC}") = "Services", "Services\Services.csproj", "{1AB55664-30A5-4F5B-AE53-A982B50382FF}"
EndProject
Project("{FAE04EC0-301F-11D3-BF4B-00C04F79EFBC}") = "IServices", "IServices\IServices.csproj", "{56BF0EDE-678B-4AB0-A9F1-379ACBA99F59}"
EndProject
Project("{2150E333-8FDC-42A3-9474-1A3956D46DE8}") = "Domain", "Domain", "{1BC2E2D1-6CEA-4637-BAE1-4F45B9A574BA}"
EndProject
Project("{2150E333-8FDC-42A3-9474-1A3956D46DE8}") = "BusinessLogic", "BusinessLogic", "{60E05AF8-BD96-4E56-9821-AA0C820E58BF}"
EndProject
Project("{FAE04EC0-301F-11D3-BF4B-00C04F79EFBC}") = "Models", "Models\Models.csproj", "{F605F8AB-9C41-4411-BBAC-F6A4674C7D52}"
EndProject
Project("{FAE04EC0-301F-11D3-BF4B-00C04F79EFBC}") = "Repositories", "Repositories\Repositories.csproj", "{9E18DC3C-B63A-4BA1-B6B2-A86AD16E4DEA}"
EndProject
Project("{FAE04EC0-301F-11D3-BF4B-00C04F79EFBC}") = "IRepositories", "IRepositories\IRepositories.csproj", "{8F29B93E-9029-4E5C-A394-CC15FD54C118}"
EndProject
Global
	GlobalSection(SolutionConfigurationPlatforms) = preSolution
		Debug|Any CPU = Debug|Any CPU
		Release|Any CPU = Release|Any CPU
	EndGlobalSection
	GlobalSection(ProjectConfigurationPlatforms) = postSolution
		{318AAC85-34CF-4863-AFE3-2710700E5711}.Debug|Any CPU.ActiveCfg = Debug|Any CPU
		{318AAC85-34CF-4863-AFE3-2710700E5711}.Debug|Any CPU.Build.0 = Debug|Any CPU
		{318AAC85-34CF-4863-AFE3-2710700E5711}.Release|Any CPU.ActiveCfg = Release|Any CPU
		{318AAC85-34CF-4863-AFE3-2710700E5711}.Release|Any CPU.Build.0 = Release|Any CPU
		{DB1A1EA3-EB1C-4CFF-A55A-59DC88AA6C75}.Debug|Any CPU.ActiveCfg = Debug|Any CPU
		{DB1A1EA3-EB1C-4CFF-A55A-59DC88AA6C75}.Debug|Any CPU.Build.0 = Debug|Any CPU
		{DB1A1EA3-EB1C-4CFF-A55A-59DC88AA6C75}.Release|Any CPU.ActiveCfg = Release|Any CPU
		{DB1A1EA3-EB1C-4CFF-A55A-59DC88AA6C75}.Release|Any CPU.Build.0 = Release|Any CPU
		{1AB55664-30A5-4F5B-AE53-A982B50382FF}.Debug|Any CPU.ActiveCfg = Debug|Any CPU
		{1AB55664-30A5-4F5B-AE53-A982B50382FF}.Debug|Any CPU.Build.0 = Debug|Any CPU
		{1AB55664-30A5-4F5B-AE53-A982B50382FF}.Release|Any CPU.ActiveCfg = Release|Any CPU
		{1AB55664-30A5-4F5B-AE53-A982B50382FF}.Release|Any CPU.Build.0 = Release|Any CPU
		{56BF0EDE-678B-4AB0-A9F1-379ACBA99F59}.Debug|Any CPU.ActiveCfg = Debug|Any CPU
		{56BF0EDE-678B-4AB0-A9F1-379ACBA99F59}.Debug|Any CPU.Build.0 = Debug|Any CPU
		{56BF0EDE-678B-4AB0-A9F1-379ACBA99F59}.Release|Any CPU.ActiveCfg = Release|Any CPU
		{56BF0EDE-678B-4AB0-A9F1-379ACBA99F59}.Release|Any CPU.Build.0 = Release|Any CPU
		{F605F8AB-9C41-4411-BBAC-F6A4674C7D52}.Debug|Any CPU.ActiveCfg = Debug|Any CPU
		{F605F8AB-9C41-4411-BBAC-F6A4674C7D52}.Debug|Any CPU.Build.0 = Debug|Any CPU
		{F605F8AB-9C41-4411-BBAC-F6A4674C7D52}.Release|Any CPU.ActiveCfg = Release|Any CPU
		{F605F8AB-9C41-4411-BBAC-F6A4674C7D52}.Release|Any CPU.Build.0 = Release|Any CPU
		{9E18DC3C-B63A-4BA1-B6B2-A86AD16E4DEA}.Debug|Any CPU.ActiveCfg = Debug|Any CPU
		{9E18DC3C-B63A-4BA1-B6B2-A86AD16E4DEA}.Debug|Any CPU.Build.0 = Debug|Any CPU
		{9E18DC3C-B63A-4BA1-B6B2-A86AD16E4DEA}.Release|Any CPU.ActiveCfg = Release|Any CPU
		{9E18DC3C-B63A-4BA1-B6B2-A86AD16E4DEA}.Release|Any CPU.Build.0 = Release|Any CPU
		{8F29B93E-9029-4E5C-A394-CC15FD54C118}.Debug|Any CPU.ActiveCfg = Debug|Any CPU
		{8F29B93E-9029-4E5C-A394-CC15FD54C118}.Debug|Any CPU.Build.0 = Debug|Any CPU
		{8F29B93E-9029-4E5C-A394-CC15FD54C118}.Release|Any CPU.ActiveCfg = Release|Any CPU
		{8F29B93E-9029-4E5C-A394-CC15FD54C118}.Release|Any CPU.Build.0 = Release|Any CPU
	EndGlobalSection
	GlobalSection(SolutionProperties) = preSolution
		HideSolutionNode = FALSE
	EndGlobalSection
	GlobalSection(NestedProjects) = preSolution
		{62292B97-C749-4FAE-B50E-CA9F397DF62B} = {60E05AF8-BD96-4E56-9821-AA0C820E58BF}
		{1AB55664-30A5-4F5B-AE53-A982B50382FF} = {62292B97-C749-4FAE-B50E-CA9F397DF62B}
		{56BF0EDE-678B-4AB0-A9F1-379ACBA99F59} = {62292B97-C749-4FAE-B50E-CA9F397DF62B}
		{1BC2E2D1-6CEA-4637-BAE1-4F45B9A574BA} = {60E05AF8-BD96-4E56-9821-AA0C820E58BF}
		{F605F8AB-9C41-4411-BBAC-F6A4674C7D52} = {1BC2E2D1-6CEA-4637-BAE1-4F45B9A574BA}
		{9E18DC3C-B63A-4BA1-B6B2-A86AD16E4DEA} = {1BC2E2D1-6CEA-4637-BAE1-4F45B9A574BA}
		{8F29B93E-9029-4E5C-A394-CC15FD54C118} = {1BC2E2D1-6CEA-4637-BAE1-4F45B9A574BA}
	EndGlobalSection
	GlobalSection(ExtensibilityGlobals) = postSolution
		SolutionGuid = {0AE84200-98F0-4B93-80D1-99DC1443E9B9}
	EndGlobalSection
EndGlobal
