
Microsoft Visual Studio Solution File, Format Version 12.00
# Visual Studio 15
VisualStudioVersion = 15.0.27703.2000
MinimumVisualStudioVersion = 10.0.40219.1
Project("{FAE04EC0-301F-11D3-BF4B-00C04F79EFBC}") = "MobileShop", "MobileShop\MobileShop.csproj", "{06C87227-1A81-4399-8CB7-6068E4833A7D}"
EndProject
Project("{FAE04EC0-301F-11D3-BF4B-00C04F79EFBC}") = "MobileShop.Tests", "MobileShop.Tests\MobileShop.Tests.csproj", "{ECD13375-41EB-49F0-8733-108B86DBF23A}"
EndProject
Project("{2150E333-8FDC-42A3-9474-1A3956D46DE8}") = "Domain", "Domain", "{AF8703D8-879C-4254-99C9-9193060C6117}"
EndProject
Project("{2150E333-8FDC-42A3-9474-1A3956D46DE8}") = "Services", "Services", "{8CBA3E80-E8C6-4632-9E30-6231E7F55B44}"
EndProject
Project("{FAE04EC0-301F-11D3-BF4B-00C04F79EFBC}") = "IRepository", "IRepository\IRepository.csproj", "{A9118526-16FC-45FE-97DF-B8BF21D49669}"
EndProject
Project("{FAE04EC0-301F-11D3-BF4B-00C04F79EFBC}") = "Repository", "Repository\Repository.csproj", "{4FB1B7AD-53F8-48AE-998F-84A0FE3E3E26}"
EndProject
Project("{FAE04EC0-301F-11D3-BF4B-00C04F79EFBC}") = "Models", "Models\Models.csproj", "{4ED3B83B-10A9-48B6-AACB-F84554A455F5}"
EndProject
Project("{FAE04EC0-301F-11D3-BF4B-00C04F79EFBC}") = "IServices", "IServices\IServices.csproj", "{51FF7500-7308-4322-8C1C-29AD64B610EE}"
EndProject
Project("{FAE04EC0-301F-11D3-BF4B-00C04F79EFBC}") = "Services", "Services\Services.csproj", "{C1496DA6-11BA-490F-8744-142E7C7D6C53}"
EndProject
Project("{2150E333-8FDC-42A3-9474-1A3956D46DE8}") = "BusinessLogic", "BusinessLogic", "{71B7D7AB-F3B7-4759-A071-877BF4B2C6B8}"
EndProject
Global
	GlobalSection(SolutionConfigurationPlatforms) = preSolution
		Debug|Any CPU = Debug|Any CPU
		Release|Any CPU = Release|Any CPU
	EndGlobalSection
	GlobalSection(ProjectConfigurationPlatforms) = postSolution
		{06C87227-1A81-4399-8CB7-6068E4833A7D}.Debug|Any CPU.ActiveCfg = Debug|Any CPU
		{06C87227-1A81-4399-8CB7-6068E4833A7D}.Debug|Any CPU.Build.0 = Debug|Any CPU
		{06C87227-1A81-4399-8CB7-6068E4833A7D}.Release|Any CPU.ActiveCfg = Release|Any CPU
		{06C87227-1A81-4399-8CB7-6068E4833A7D}.Release|Any CPU.Build.0 = Release|Any CPU
		{ECD13375-41EB-49F0-8733-108B86DBF23A}.Debug|Any CPU.ActiveCfg = Debug|Any CPU
		{ECD13375-41EB-49F0-8733-108B86DBF23A}.Debug|Any CPU.Build.0 = Debug|Any CPU
		{ECD13375-41EB-49F0-8733-108B86DBF23A}.Release|Any CPU.ActiveCfg = Release|Any CPU
		{ECD13375-41EB-49F0-8733-108B86DBF23A}.Release|Any CPU.Build.0 = Release|Any CPU
		{A9118526-16FC-45FE-97DF-B8BF21D49669}.Debug|Any CPU.ActiveCfg = Debug|Any CPU
		{A9118526-16FC-45FE-97DF-B8BF21D49669}.Debug|Any CPU.Build.0 = Debug|Any CPU
		{A9118526-16FC-45FE-97DF-B8BF21D49669}.Release|Any CPU.ActiveCfg = Release|Any CPU
		{A9118526-16FC-45FE-97DF-B8BF21D49669}.Release|Any CPU.Build.0 = Release|Any CPU
		{4FB1B7AD-53F8-48AE-998F-84A0FE3E3E26}.Debug|Any CPU.ActiveCfg = Debug|Any CPU
		{4FB1B7AD-53F8-48AE-998F-84A0FE3E3E26}.Debug|Any CPU.Build.0 = Debug|Any CPU
		{4FB1B7AD-53F8-48AE-998F-84A0FE3E3E26}.Release|Any CPU.ActiveCfg = Release|Any CPU
		{4FB1B7AD-53F8-48AE-998F-84A0FE3E3E26}.Release|Any CPU.Build.0 = Release|Any CPU
		{4ED3B83B-10A9-48B6-AACB-F84554A455F5}.Debug|Any CPU.ActiveCfg = Debug|Any CPU
		{4ED3B83B-10A9-48B6-AACB-F84554A455F5}.Debug|Any CPU.Build.0 = Debug|Any CPU
		{4ED3B83B-10A9-48B6-AACB-F84554A455F5}.Release|Any CPU.ActiveCfg = Release|Any CPU
		{4ED3B83B-10A9-48B6-AACB-F84554A455F5}.Release|Any CPU.Build.0 = Release|Any CPU
		{51FF7500-7308-4322-8C1C-29AD64B610EE}.Debug|Any CPU.ActiveCfg = Debug|Any CPU
		{51FF7500-7308-4322-8C1C-29AD64B610EE}.Debug|Any CPU.Build.0 = Debug|Any CPU
		{51FF7500-7308-4322-8C1C-29AD64B610EE}.Release|Any CPU.ActiveCfg = Release|Any CPU
		{51FF7500-7308-4322-8C1C-29AD64B610EE}.Release|Any CPU.Build.0 = Release|Any CPU
		{C1496DA6-11BA-490F-8744-142E7C7D6C53}.Debug|Any CPU.ActiveCfg = Debug|Any CPU
		{C1496DA6-11BA-490F-8744-142E7C7D6C53}.Debug|Any CPU.Build.0 = Debug|Any CPU
		{C1496DA6-11BA-490F-8744-142E7C7D6C53}.Release|Any CPU.ActiveCfg = Release|Any CPU
		{C1496DA6-11BA-490F-8744-142E7C7D6C53}.Release|Any CPU.Build.0 = Release|Any CPU
	EndGlobalSection
	GlobalSection(SolutionProperties) = preSolution
		HideSolutionNode = FALSE
	EndGlobalSection
	GlobalSection(NestedProjects) = preSolution
		{AF8703D8-879C-4254-99C9-9193060C6117} = {71B7D7AB-F3B7-4759-A071-877BF4B2C6B8}
		{8CBA3E80-E8C6-4632-9E30-6231E7F55B44} = {71B7D7AB-F3B7-4759-A071-877BF4B2C6B8}
		{A9118526-16FC-45FE-97DF-B8BF21D49669} = {AF8703D8-879C-4254-99C9-9193060C6117}
		{4FB1B7AD-53F8-48AE-998F-84A0FE3E3E26} = {AF8703D8-879C-4254-99C9-9193060C6117}
		{4ED3B83B-10A9-48B6-AACB-F84554A455F5} = {AF8703D8-879C-4254-99C9-9193060C6117}
		{51FF7500-7308-4322-8C1C-29AD64B610EE} = {8CBA3E80-E8C6-4632-9E30-6231E7F55B44}
		{C1496DA6-11BA-490F-8744-142E7C7D6C53} = {8CBA3E80-E8C6-4632-9E30-6231E7F55B44}
	EndGlobalSection
	GlobalSection(ExtensibilityGlobals) = postSolution
		SolutionGuid = {4C9E7BAE-081B-4618-A378-8DF5F9F5D091}
	EndGlobalSection
EndGlobal
